{
  "version": 4,
  "terraform_version": "1.8.2",
  "serial": 25,
  "lineage": "3341c5d8-8413-67d5-5375-47e1869ae865",
  "outputs": {},
  "resources": [
    {
      "mode": "managed",
      "type": "aws_rds_cluster",
      "name": "rds_us-east",
      "provider": "provider[\"registry.terraform.io/hashicorp/aws\"]",
      "instances": [
        {
          "schema_version": 1,
          "attributes": {
            "allocated_storage": 20,
            "allow_major_version_upgrade": null,
            "apply_immediately": null,
            "arn": "arn:aws:rds:us-east-1:891377391594:cluster:rds-cluster-east-1",
            "availability_zones": [
              "us-east-1a",
              "us-east-1c",
              "us-east-1f"
            ],
            "backtrack_window": 0,
            "backup_retention_period": 1,
            "cluster_identifier": "rds-cluster-east-1",
            "cluster_identifier_prefix": "",
            "cluster_members": [
              "rds-cluster-east-1-instance-1",
              "rds-cluster-east-1-instance-2",
              "rds-cluster-east-1-instance-3"
            ],
            "cluster_resource_id": "cluster-B5EXCLG26ELVZERUUUH3GUDGLQ",
            "copy_tags_to_snapshot": false,
            "database_name": null,
            "db_cluster_instance_class": "db.c6gd.medium",
            "db_cluster_parameter_group_name": "default.mysql8.0",
            "db_instance_parameter_group_name": null,
            "db_subnet_group_name": "default",
            "db_system_id": "",
            "delete_automated_backups": true,
            "deletion_protection": false,
            "domain": "",
            "domain_iam_role_name": "",
            "enable_global_write_forwarding": false,
            "enable_http_endpoint": false,
            "enable_local_write_forwarding": false,
            "enabled_cloudwatch_logs_exports": [],
            "endpoint": "rds-cluster-east-1.cluster-c7cyoqs4qwjz.us-east-1.rds.amazonaws.com",
            "engine": "mysql",
            "engine_mode": "provisioned",
            "engine_version": "8.0.35",
            "engine_version_actual": "8.0.35",
            "final_snapshot_identifier": null,
            "global_cluster_identifier": "",
            "hosted_zone_id": "Z2R2ITUGPM61AM",
            "iam_database_authentication_enabled": false,
            "iam_roles": [],
            "id": "rds-cluster-east-1",
            "iops": 3000,
            "kms_key_id": "arn:aws:kms:us-east-1:891377391594:key/324f19c9-7b14-4bda-bfa7-ee240583c9fe",
            "manage_master_user_password": null,
            "master_password": "H923sddsdfs341",
            "master_user_secret": [],
            "master_user_secret_kms_key_id": null,
            "master_username": "admin",
            "network_type": "IPV4",
            "port": 3306,
            "preferred_backup_window": "08:19-08:49",
            "preferred_maintenance_window": "sat:05:44-sat:06:14",
            "reader_endpoint": "rds-cluster-east-1.cluster-ro-c7cyoqs4qwjz.us-east-1.rds.amazonaws.com",
            "replication_source_identifier": "",
            "restore_to_point_in_time": [],
            "s3_import": [],
            "scaling_configuration": [],
            "serverlessv2_scaling_configuration": [],
            "skip_final_snapshot": false,
            "snapshot_identifier": null,
            "source_region": null,
            "storage_encrypted": true,
            "storage_type": "gp3",
            "tags": {},
            "tags_all": {},
            "timeouts": null,
            "vpc_security_group_ids": [
              "sg-0b7174784f85e0430"
            ]
          },
          "sensitive_attributes": [
            [
              {
                "type": "get_attr",
                "value": "master_password"
              }
            ]
          ],
          "private": "eyJlMmJmYjczMC1lY2FhLTExZTYtOGY4OC0zNDM2M2JjN2M0YzAiOnsiY3JlYXRlIjo3MjAwMDAwMDAwMDAwLCJkZWxldGUiOjcyMDAwMDAwMDAwMDAsInVwZGF0ZSI6NzIwMDAwMDAwMDAwMH0sInNjaGVtYV92ZXJzaW9uIjoiMSJ9"
        }
      ]
    }
  ],
  "check_results": null
}
